
Microsoft Visual Studio Solution File, Format Version 12.00
# Visual Studio Version 17
VisualStudioVersion = 17.14.36212.18 d17.14
MinimumVisualStudioVersion = 10.0.40219.1
Project("{FAE04EC0-301F-11D3-BF4B-00C04F79EFBC}") = "digitalisnyomozoo", "digitalisnyomozoo.csproj", "{B9DAA5A9-42D3-463F-99C4-9B1830FF344B}"
EndProject
Global
	GlobalSection(SolutionConfigurationPlatforms) = preSolution
		Debug|Any CPU = Debug|Any CPU
		Release|Any CPU = Release|Any CPU
	EndGlobalSection
	GlobalSection(ProjectConfigurationPlatforms) = postSolution
		{B9DAA5A9-42D3-463F-99C4-9B1830FF344B}.Debug|Any CPU.ActiveCfg = Debug|Any CPU
		{B9DAA5A9-42D3-463F-99C4-9B1830FF344B}.Debug|Any CPU.Build.0 = Debug|Any CPU
		{B9DAA5A9-42D3-463F-99C4-9B1830FF344B}.Release|Any CPU.ActiveCfg = Release|Any CPU
		{B9DAA5A9-42D3-463F-99C4-9B1830FF344B}.Release|Any CPU.Build.0 = Release|Any CPU
	EndGlobalSection
	GlobalSection(SolutionProperties) = preSolution
		HideSolutionNode = FALSE
	EndGlobalSection
	GlobalSection(ExtensibilityGlobals) = postSolution
		SolutionGuid = {3D8CC099-DBB6-4580-8E5B-5A06037F1661}
	EndGlobalSection
EndGlobal
